
Microsoft Visual Studio Solution File, Format Version 12.00
# Visual Studio Version 16
VisualStudioVersion = 16.0.32802.440
MinimumVisualStudioVersion = 10.0.40219.1
Project("{FAE04EC0-301F-11D3-BF4B-00C04F79EFBC}") = "SRLinesPuller", "SRLinesPuller.csproj", "{0F628953-C390-4335-9B8F-E947C3C38221}"
EndProject
Global
	GlobalSection(SolutionConfigurationPlatforms) = preSolution
		Debug|Any CPU = Debug|Any CPU
		Release|Any CPU = Release|Any CPU
	EndGlobalSection
	GlobalSection(ProjectConfigurationPlatforms) = postSolution
		{0F628953-C390-4335-9B8F-E947C3C38221}.Debug|Any CPU.ActiveCfg = Debug|Any CPU
		{0F628953-C390-4335-9B8F-E947C3C38221}.Debug|Any CPU.Build.0 = Debug|Any CPU
		{0F628953-C390-4335-9B8F-E947C3C38221}.Release|Any CPU.ActiveCfg = Release|Any CPU
		{0F628953-C390-4335-9B8F-E947C3C38221}.Release|Any CPU.Build.0 = Release|Any CPU
	EndGlobalSection
	GlobalSection(SolutionProperties) = preSolution
		HideSolutionNode = FALSE
	EndGlobalSection
	GlobalSection(ExtensibilityGlobals) = postSolution
		SolutionGuid = {EE598E5E-B58B-412B-B337-B64E014908D5}
	EndGlobalSection
EndGlobal
